
Microsoft Visual Studio Solution File, Format Version 12.00
# Visual Studio Version 17
VisualStudioVersion = 17.3.32929.385
MinimumVisualStudioVersion = 10.0.40219.1
Project("{9A19103F-16F7-4668-BE54-9A1E7A4F7556}") = "Test_WebApp", "Test_WebApp\Test_WebApp.csproj", "{1EC63392-031A-4B1F-95DF-AA475D189403}"
EndProject
Global
	GlobalSection(SolutionConfigurationPlatforms) = preSolution
		Debug|Any CPU = Debug|Any CPU
		Release|Any CPU = Release|Any CPU
	EndGlobalSection
	GlobalSection(ProjectConfigurationPlatforms) = postSolution
		{1EC63392-031A-4B1F-95DF-AA475D189403}.Debug|Any CPU.ActiveCfg = Debug|Any CPU
		{1EC63392-031A-4B1F-95DF-AA475D189403}.Debug|Any CPU.Build.0 = Debug|Any CPU
		{1EC63392-031A-4B1F-95DF-AA475D189403}.Release|Any CPU.ActiveCfg = Release|Any CPU
		{1EC63392-031A-4B1F-95DF-AA475D189403}.Release|Any CPU.Build.0 = Release|Any CPU
	EndGlobalSection
	GlobalSection(SolutionProperties) = preSolution
		HideSolutionNode = FALSE
	EndGlobalSection
	GlobalSection(ExtensibilityGlobals) = postSolution
		SolutionGuid = {8106C6D9-D720-479F-80F5-A95C6159AE6C}
	EndGlobalSection
EndGlobal
